
Microsoft Visual Studio Solution File, Format Version 12.00
Project("{FAE04EC0-301F-11D3-BF4B-00C04F79EFBC}") = "ElundusCoreApp", "ElundusCoreApp\ElundusCoreApp.csproj", "{1A12C70B-C1F4-4079-8885-2AEF6ECA92D1}"
EndProject
Global
	GlobalSection(SolutionConfigurationPlatforms) = preSolution
		Debug|Any CPU = Debug|Any CPU
		Release|Any CPU = Release|Any CPU
	EndGlobalSection
	GlobalSection(ProjectConfigurationPlatforms) = postSolution
		{1A12C70B-C1F4-4079-8885-2AEF6ECA92D1}.Debug|Any CPU.ActiveCfg = Debug|Any CPU
		{1A12C70B-C1F4-4079-8885-2AEF6ECA92D1}.Debug|Any CPU.Build.0 = Debug|Any CPU
		{1A12C70B-C1F4-4079-8885-2AEF6ECA92D1}.Release|Any CPU.ActiveCfg = Release|Any CPU
		{1A12C70B-C1F4-4079-8885-2AEF6ECA92D1}.Release|Any CPU.Build.0 = Release|Any CPU
	EndGlobalSection
EndGlobal
